
Microsoft Visual Studio Solution File, Format Version 12.00
# Visual Studio 14
VisualStudioVersion = 14.0.25420.1
MinimumVisualStudioVersion = 10.0.40219.1
Project("{2150E333-8FDC-42A3-9474-1A3956D46DE8}") = "src", "src", "{825EF021-0A28-42B5-A1AD-E3A397BEC66B}"
EndProject
Project("{2150E333-8FDC-42A3-9474-1A3956D46DE8}") = "Solution Items", "Solution Items", "{54396F70-C1AD-435D-AE58-550B750517A1}"
	ProjectSection(SolutionItems) = preProject
		global.json = global.json
	EndProjectSection
EndProject
Project("{8BB2217D-0F2D-49D1-97BC-3654ED321F3B}") = "EMin.Manager.Web", "src\EMin.Manager.Web\EMin.Manager.Web.xproj", "{C40B8807-CF62-4774-A962-92C54667B298}"
EndProject
Project("{2150E333-8FDC-42A3-9474-1A3956D46DE8}") = "_Share", "_Share", "{C7CB6C43-B946-46BD-A4FA-CD8A077E1C66}"
EndProject
Project("{8BB2217D-0F2D-49D1-97BC-3654ED321F3B}") = "Ecore.Frame", "..\..\Ecore\Ecore.Frame\Ecore.Frame.xproj", "{A3D490AE-56E6-4230-9FB8-E26317EFA0A9}"
EndProject
Project("{8BB2217D-0F2D-49D1-97BC-3654ED321F3B}") = "Ecore.Mongodb", "..\..\Ecore\Ecore.Mongodb\Ecore.Mongodb.xproj", "{15899DFD-A799-4397-BF25-A070179918EE}"
EndProject
Project("{8BB2217D-0F2D-49D1-97BC-3654ED321F3B}") = "Ecore.MsSql", "..\..\Ecore\Ecore.MsSql\Ecore.MsSql.xproj", "{23291A6B-5AE8-4BF5-9DFB-B7B8B6C5E132}"
EndProject
Project("{8BB2217D-0F2D-49D1-97BC-3654ED321F3B}") = "Ecore.Proxy", "..\..\Ecore\Ecore.Proxy\Ecore.Proxy.xproj", "{7452BCD8-1B63-4F70-9EFB-9258453C62C6}"
EndProject
Project("{8BB2217D-0F2D-49D1-97BC-3654ED321F3B}") = "Ecore.Redis", "..\..\Ecore\Ecore.Redis\Ecore.Redis.xproj", "{B3E15CBE-8C14-4010-B960-E9ED81E58F2F}"
EndProject
Project("{8BB2217D-0F2D-49D1-97BC-3654ED321F3B}") = "Ecore.MVC", "..\..\Ecore\Ecore.MVC\Ecore.MVC.xproj", "{CD17E9F1-630D-4783-9D81-50A2CA1F64C1}"
EndProject
Project("{8BB2217D-0F2D-49D1-97BC-3654ED321F3B}") = "Ecore.Razor", "Ecore.Razor\Ecore.Razor.xproj", "{AF4C655E-06F0-4B33-9CC4-E0B486CAA401}"
EndProject
Global
	GlobalSection(SolutionConfigurationPlatforms) = preSolution
		Debug|Any CPU = Debug|Any CPU
		Release|Any CPU = Release|Any CPU
	EndGlobalSection
	GlobalSection(ProjectConfigurationPlatforms) = postSolution
		{C40B8807-CF62-4774-A962-92C54667B298}.Debug|Any CPU.ActiveCfg = Debug|Any CPU
		{C40B8807-CF62-4774-A962-92C54667B298}.Debug|Any CPU.Build.0 = Debug|Any CPU
		{C40B8807-CF62-4774-A962-92C54667B298}.Release|Any CPU.ActiveCfg = Release|Any CPU
		{C40B8807-CF62-4774-A962-92C54667B298}.Release|Any CPU.Build.0 = Release|Any CPU
		{A3D490AE-56E6-4230-9FB8-E26317EFA0A9}.Debug|Any CPU.ActiveCfg = Debug|Any CPU
		{A3D490AE-56E6-4230-9FB8-E26317EFA0A9}.Debug|Any CPU.Build.0 = Debug|Any CPU
		{A3D490AE-56E6-4230-9FB8-E26317EFA0A9}.Release|Any CPU.ActiveCfg = Release|Any CPU
		{A3D490AE-56E6-4230-9FB8-E26317EFA0A9}.Release|Any CPU.Build.0 = Release|Any CPU
		{15899DFD-A799-4397-BF25-A070179918EE}.Debug|Any CPU.ActiveCfg = Debug|Any CPU
		{15899DFD-A799-4397-BF25-A070179918EE}.Debug|Any CPU.Build.0 = Debug|Any CPU
		{15899DFD-A799-4397-BF25-A070179918EE}.Release|Any CPU.ActiveCfg = Release|Any CPU
		{15899DFD-A799-4397-BF25-A070179918EE}.Release|Any CPU.Build.0 = Release|Any CPU
		{23291A6B-5AE8-4BF5-9DFB-B7B8B6C5E132}.Debug|Any CPU.ActiveCfg = Debug|Any CPU
		{23291A6B-5AE8-4BF5-9DFB-B7B8B6C5E132}.Debug|Any CPU.Build.0 = Debug|Any CPU
		{23291A6B-5AE8-4BF5-9DFB-B7B8B6C5E132}.Release|Any CPU.ActiveCfg = Release|Any CPU
		{23291A6B-5AE8-4BF5-9DFB-B7B8B6C5E132}.Release|Any CPU.Build.0 = Release|Any CPU
		{7452BCD8-1B63-4F70-9EFB-9258453C62C6}.Debug|Any CPU.ActiveCfg = Debug|Any CPU
		{7452BCD8-1B63-4F70-9EFB-9258453C62C6}.Debug|Any CPU.Build.0 = Debug|Any CPU
		{7452BCD8-1B63-4F70-9EFB-9258453C62C6}.Release|Any CPU.ActiveCfg = Release|Any CPU
		{7452BCD8-1B63-4F70-9EFB-9258453C62C6}.Release|Any CPU.Build.0 = Release|Any CPU
		{B3E15CBE-8C14-4010-B960-E9ED81E58F2F}.Debug|Any CPU.ActiveCfg = Debug|Any CPU
		{B3E15CBE-8C14-4010-B960-E9ED81E58F2F}.Debug|Any CPU.Build.0 = Debug|Any CPU
		{B3E15CBE-8C14-4010-B960-E9ED81E58F2F}.Release|Any CPU.ActiveCfg = Release|Any CPU
		{B3E15CBE-8C14-4010-B960-E9ED81E58F2F}.Release|Any CPU.Build.0 = Release|Any CPU
		{CD17E9F1-630D-4783-9D81-50A2CA1F64C1}.Debug|Any CPU.ActiveCfg = Debug|Any CPU
		{CD17E9F1-630D-4783-9D81-50A2CA1F64C1}.Debug|Any CPU.Build.0 = Debug|Any CPU
		{CD17E9F1-630D-4783-9D81-50A2CA1F64C1}.Release|Any CPU.ActiveCfg = Release|Any CPU
		{CD17E9F1-630D-4783-9D81-50A2CA1F64C1}.Release|Any CPU.Build.0 = Release|Any CPU
		{AF4C655E-06F0-4B33-9CC4-E0B486CAA401}.Debug|Any CPU.ActiveCfg = Debug|Any CPU
		{AF4C655E-06F0-4B33-9CC4-E0B486CAA401}.Debug|Any CPU.Build.0 = Debug|Any CPU
		{AF4C655E-06F0-4B33-9CC4-E0B486CAA401}.Release|Any CPU.ActiveCfg = Release|Any CPU
		{AF4C655E-06F0-4B33-9CC4-E0B486CAA401}.Release|Any CPU.Build.0 = Release|Any CPU
	EndGlobalSection
	GlobalSection(SolutionProperties) = preSolution
		HideSolutionNode = FALSE
	EndGlobalSection
	GlobalSection(NestedProjects) = preSolution
		{C40B8807-CF62-4774-A962-92C54667B298} = {825EF021-0A28-42B5-A1AD-E3A397BEC66B}
		{C7CB6C43-B946-46BD-A4FA-CD8A077E1C66} = {825EF021-0A28-42B5-A1AD-E3A397BEC66B}
		{A3D490AE-56E6-4230-9FB8-E26317EFA0A9} = {C7CB6C43-B946-46BD-A4FA-CD8A077E1C66}
		{15899DFD-A799-4397-BF25-A070179918EE} = {C7CB6C43-B946-46BD-A4FA-CD8A077E1C66}
		{23291A6B-5AE8-4BF5-9DFB-B7B8B6C5E132} = {C7CB6C43-B946-46BD-A4FA-CD8A077E1C66}
		{7452BCD8-1B63-4F70-9EFB-9258453C62C6} = {C7CB6C43-B946-46BD-A4FA-CD8A077E1C66}
		{B3E15CBE-8C14-4010-B960-E9ED81E58F2F} = {C7CB6C43-B946-46BD-A4FA-CD8A077E1C66}
		{CD17E9F1-630D-4783-9D81-50A2CA1F64C1} = {C7CB6C43-B946-46BD-A4FA-CD8A077E1C66}
		{AF4C655E-06F0-4B33-9CC4-E0B486CAA401} = {C7CB6C43-B946-46BD-A4FA-CD8A077E1C66}
	EndGlobalSection
EndGlobal
