
Microsoft Visual Studio Solution File, Format Version 12.00
# Visual Studio 14
VisualStudioVersion = 14.0.25420.1
MinimumVisualStudioVersion = 10.0.40219.1
Project("{2150E333-8FDC-42A3-9474-1A3956D46DE8}") = "Share", "Share", "{EEA76988-FEB8-40BF-854B-500D3255DFBC}"
EndProject
Project("{8BB2217D-0F2D-49D1-97BC-3654ED321F3B}") = "EMin.Model", "..\..\Share\EMin.Model\EMin.Model.xproj", "{39A53C5D-25DC-421D-8962-70EDCF412BDD}"
EndProject
Project("{2150E333-8FDC-42A3-9474-1A3956D46DE8}") = "Ecore", "Ecore", "{877BD218-41FB-4987-8D8A-BB2FD93EC6E9}"
EndProject
Project("{8BB2217D-0F2D-49D1-97BC-3654ED321F3B}") = "Ecore.Frame", "..\..\Ecore\Ecore.Frame\Ecore.Frame.xproj", "{A3D490AE-56E6-4230-9FB8-E26317EFA0A9}"
EndProject
Project("{8BB2217D-0F2D-49D1-97BC-3654ED321F3B}") = "Ecore.Mongodb", "..\..\Ecore\Ecore.Mongodb\Ecore.Mongodb.xproj", "{15899DFD-A799-4397-BF25-A070179918EE}"
EndProject
Project("{8BB2217D-0F2D-49D1-97BC-3654ED321F3B}") = "Ecore.MsSql", "..\..\Ecore\Ecore.MsSql\Ecore.MsSql.xproj", "{23291A6B-5AE8-4BF5-9DFB-B7B8B6C5E132}"
EndProject
Project("{8BB2217D-0F2D-49D1-97BC-3654ED321F3B}") = "Ecore.MVC", "..\..\Ecore\Ecore.MVC\Ecore.MVC.xproj", "{CD17E9F1-630D-4783-9D81-50A2CA1F64C1}"
EndProject
Project("{8BB2217D-0F2D-49D1-97BC-3654ED321F3B}") = "Ecore.Redis", "..\..\Ecore\Ecore.Redis\Ecore.Redis.xproj", "{B3E15CBE-8C14-4010-B960-E9ED81E58F2F}"
EndProject
Project("{8BB2217D-0F2D-49D1-97BC-3654ED321F3B}") = "Ecore.Weixin", "..\..\Ecore\Ecore.Weixin\Ecore.Weixin.xproj", "{68BDCAFB-0782-4B34-B08B-583AD7692798}"
EndProject
Project("{2150E333-8FDC-42A3-9474-1A3956D46DE8}") = "Solution Items", "Solution Items", "{9593C575-B0B1-4E5F-BA81-E728719A8FEE}"
	ProjectSection(SolutionItems) = preProject
		global.json = global.json
		..\..\Share\global.json = ..\..\Share\global.json
		..\Oms\global.json = ..\Oms\global.json
	EndProjectSection
EndProject
Project("{8BB2217D-0F2D-49D1-97BC-3654ED321F3B}") = "EMin.Logic", "..\..\Share\EMin.Logic\EMin.Logic.xproj", "{BDA5C03A-6CE8-436B-ABA3-971A0454E0BC}"
EndProject
Project("{8BB2217D-0F2D-49D1-97BC-3654ED321F3B}") = "Ecore.Proxy", "..\..\Ecore\Ecore.Proxy\Ecore.Proxy.xproj", "{7452BCD8-1B63-4F70-9EFB-9258453C62C6}"
EndProject
Project("{8BB2217D-0F2D-49D1-97BC-3654ED321F3B}") = "Ecore.WebUtility", "..\..\Ecore\Ecore.WebUtility\Ecore.WebUtility.xproj", "{6674CE70-0244-475D-9990-0B46BCA582C7}"
EndProject
Project("{2150E333-8FDC-42A3-9474-1A3956D46DE8}") = "Oms", "Oms", "{955E6DF8-7178-4D1B-A8F8-B9F54C0DB2A3}"
EndProject
Project("{8BB2217D-0F2D-49D1-97BC-3654ED321F3B}") = "EMin.Oms.Web", "..\Oms\EMin.Oms.Web\EMin.Oms.Web.xproj", "{EB947F8C-C085-46C7-A43F-FAA93FEF6036}"
EndProject
Project("{8BB2217D-0F2D-49D1-97BC-3654ED321F3B}") = "Ecore.Razor", "..\..\Ecore\Ecore.Razor\Ecore.Razor.xproj", "{AF4C655E-06F0-4B33-9CC4-E0B486CAA401}"
EndProject
Project("{8BB2217D-0F2D-49D1-97BC-3654ED321F3B}") = "Ecore.Aop", "..\..\Ecore\Ecore.Aop\Ecore.Aop.xproj", "{7FEC0010-0AA3-4D43-959E-7CDB6BA0DF4B}"
EndProject
Project("{8BB2217D-0F2D-49D1-97BC-3654ED321F3B}") = "Ecore.RabbitMQ", "..\..\Ecore\Ecore.RabbitMQ\Ecore.RabbitMQ.xproj", "{702D7EDD-47BA-4345-BE00-0B2D01EF1709}"
EndProject
Project("{8BB2217D-0F2D-49D1-97BC-3654ED321F3B}") = "EMin.Oms.Model", "..\Oms\EMin.Oms.Model\EMin.Oms.Model.xproj", "{CADB4E6C-6175-4B37-8183-C2C66C88630D}"
EndProject
Project("{8BB2217D-0F2D-49D1-97BC-3654ED321F3B}") = "EMin.Oms.Logic", "..\Oms\EMin.Oms.Logic\EMin.Oms.Logic.xproj", "{43632476-D8BF-4DFC-8EA3-78AD4A2F2365}"
EndProject
Project("{8BB2217D-0F2D-49D1-97BC-3654ED321F3B}") = "Ecore.QzJobConsole", "..\..\Ecore\Ecore.QzJobConsole\Ecore.QzJobConsole.xproj", "{64C65073-285A-4860-99D4-07F1F001D850}"
EndProject
Project("{2150E333-8FDC-42A3-9474-1A3956D46DE8}") = "Job", "Job", "{8F120FC6-0C63-4ADD-A310-BF90F3406B2B}"
EndProject
Project("{8BB2217D-0F2D-49D1-97BC-3654ED321F3B}") = "Ecore.Job.Web", "..\..\Ecore\Ecore.Job.Web\Ecore.Job.Web.xproj", "{DA5E9333-E065-40F6-8282-297434FE30A1}"
EndProject
Global
	GlobalSection(SolutionConfigurationPlatforms) = preSolution
		Debug|Any CPU = Debug|Any CPU
		Release|Any CPU = Release|Any CPU
	EndGlobalSection
	GlobalSection(ProjectConfigurationPlatforms) = postSolution
		{39A53C5D-25DC-421D-8962-70EDCF412BDD}.Debug|Any CPU.ActiveCfg = Debug|Any CPU
		{39A53C5D-25DC-421D-8962-70EDCF412BDD}.Debug|Any CPU.Build.0 = Debug|Any CPU
		{39A53C5D-25DC-421D-8962-70EDCF412BDD}.Release|Any CPU.ActiveCfg = Release|Any CPU
		{39A53C5D-25DC-421D-8962-70EDCF412BDD}.Release|Any CPU.Build.0 = Release|Any CPU
		{A3D490AE-56E6-4230-9FB8-E26317EFA0A9}.Debug|Any CPU.ActiveCfg = Debug|Any CPU
		{A3D490AE-56E6-4230-9FB8-E26317EFA0A9}.Debug|Any CPU.Build.0 = Debug|Any CPU
		{A3D490AE-56E6-4230-9FB8-E26317EFA0A9}.Release|Any CPU.ActiveCfg = Release|Any CPU
		{A3D490AE-56E6-4230-9FB8-E26317EFA0A9}.Release|Any CPU.Build.0 = Release|Any CPU
		{15899DFD-A799-4397-BF25-A070179918EE}.Debug|Any CPU.ActiveCfg = Debug|Any CPU
		{15899DFD-A799-4397-BF25-A070179918EE}.Debug|Any CPU.Build.0 = Debug|Any CPU
		{15899DFD-A799-4397-BF25-A070179918EE}.Release|Any CPU.ActiveCfg = Release|Any CPU
		{15899DFD-A799-4397-BF25-A070179918EE}.Release|Any CPU.Build.0 = Release|Any CPU
		{23291A6B-5AE8-4BF5-9DFB-B7B8B6C5E132}.Debug|Any CPU.ActiveCfg = Debug|Any CPU
		{23291A6B-5AE8-4BF5-9DFB-B7B8B6C5E132}.Debug|Any CPU.Build.0 = Debug|Any CPU
		{23291A6B-5AE8-4BF5-9DFB-B7B8B6C5E132}.Release|Any CPU.ActiveCfg = Release|Any CPU
		{23291A6B-5AE8-4BF5-9DFB-B7B8B6C5E132}.Release|Any CPU.Build.0 = Release|Any CPU
		{CD17E9F1-630D-4783-9D81-50A2CA1F64C1}.Debug|Any CPU.ActiveCfg = Debug|Any CPU
		{CD17E9F1-630D-4783-9D81-50A2CA1F64C1}.Debug|Any CPU.Build.0 = Debug|Any CPU
		{CD17E9F1-630D-4783-9D81-50A2CA1F64C1}.Release|Any CPU.ActiveCfg = Release|Any CPU
		{CD17E9F1-630D-4783-9D81-50A2CA1F64C1}.Release|Any CPU.Build.0 = Release|Any CPU
		{B3E15CBE-8C14-4010-B960-E9ED81E58F2F}.Debug|Any CPU.ActiveCfg = Debug|Any CPU
		{B3E15CBE-8C14-4010-B960-E9ED81E58F2F}.Debug|Any CPU.Build.0 = Debug|Any CPU
		{B3E15CBE-8C14-4010-B960-E9ED81E58F2F}.Release|Any CPU.ActiveCfg = Release|Any CPU
		{B3E15CBE-8C14-4010-B960-E9ED81E58F2F}.Release|Any CPU.Build.0 = Release|Any CPU
		{68BDCAFB-0782-4B34-B08B-583AD7692798}.Debug|Any CPU.ActiveCfg = Debug|Any CPU
		{68BDCAFB-0782-4B34-B08B-583AD7692798}.Debug|Any CPU.Build.0 = Debug|Any CPU
		{68BDCAFB-0782-4B34-B08B-583AD7692798}.Release|Any CPU.ActiveCfg = Release|Any CPU
		{68BDCAFB-0782-4B34-B08B-583AD7692798}.Release|Any CPU.Build.0 = Release|Any CPU
		{BDA5C03A-6CE8-436B-ABA3-971A0454E0BC}.Debug|Any CPU.ActiveCfg = Debug|Any CPU
		{BDA5C03A-6CE8-436B-ABA3-971A0454E0BC}.Debug|Any CPU.Build.0 = Debug|Any CPU
		{BDA5C03A-6CE8-436B-ABA3-971A0454E0BC}.Release|Any CPU.ActiveCfg = Release|Any CPU
		{BDA5C03A-6CE8-436B-ABA3-971A0454E0BC}.Release|Any CPU.Build.0 = Release|Any CPU
		{7452BCD8-1B63-4F70-9EFB-9258453C62C6}.Debug|Any CPU.ActiveCfg = Debug|Any CPU
		{7452BCD8-1B63-4F70-9EFB-9258453C62C6}.Debug|Any CPU.Build.0 = Debug|Any CPU
		{7452BCD8-1B63-4F70-9EFB-9258453C62C6}.Release|Any CPU.ActiveCfg = Release|Any CPU
		{7452BCD8-1B63-4F70-9EFB-9258453C62C6}.Release|Any CPU.Build.0 = Release|Any CPU
		{6674CE70-0244-475D-9990-0B46BCA582C7}.Debug|Any CPU.ActiveCfg = Debug|Any CPU
		{6674CE70-0244-475D-9990-0B46BCA582C7}.Debug|Any CPU.Build.0 = Debug|Any CPU
		{6674CE70-0244-475D-9990-0B46BCA582C7}.Release|Any CPU.ActiveCfg = Release|Any CPU
		{6674CE70-0244-475D-9990-0B46BCA582C7}.Release|Any CPU.Build.0 = Release|Any CPU
		{EB947F8C-C085-46C7-A43F-FAA93FEF6036}.Debug|Any CPU.ActiveCfg = Debug|Any CPU
		{EB947F8C-C085-46C7-A43F-FAA93FEF6036}.Debug|Any CPU.Build.0 = Debug|Any CPU
		{EB947F8C-C085-46C7-A43F-FAA93FEF6036}.Release|Any CPU.ActiveCfg = Release|Any CPU
		{EB947F8C-C085-46C7-A43F-FAA93FEF6036}.Release|Any CPU.Build.0 = Release|Any CPU
		{AF4C655E-06F0-4B33-9CC4-E0B486CAA401}.Debug|Any CPU.ActiveCfg = Debug|Any CPU
		{AF4C655E-06F0-4B33-9CC4-E0B486CAA401}.Debug|Any CPU.Build.0 = Debug|Any CPU
		{AF4C655E-06F0-4B33-9CC4-E0B486CAA401}.Release|Any CPU.ActiveCfg = Release|Any CPU
		{AF4C655E-06F0-4B33-9CC4-E0B486CAA401}.Release|Any CPU.Build.0 = Release|Any CPU
		{7FEC0010-0AA3-4D43-959E-7CDB6BA0DF4B}.Debug|Any CPU.ActiveCfg = Debug|Any CPU
		{7FEC0010-0AA3-4D43-959E-7CDB6BA0DF4B}.Debug|Any CPU.Build.0 = Debug|Any CPU
		{7FEC0010-0AA3-4D43-959E-7CDB6BA0DF4B}.Release|Any CPU.ActiveCfg = Release|Any CPU
		{7FEC0010-0AA3-4D43-959E-7CDB6BA0DF4B}.Release|Any CPU.Build.0 = Release|Any CPU
		{702D7EDD-47BA-4345-BE00-0B2D01EF1709}.Debug|Any CPU.ActiveCfg = Debug|Any CPU
		{702D7EDD-47BA-4345-BE00-0B2D01EF1709}.Debug|Any CPU.Build.0 = Debug|Any CPU
		{702D7EDD-47BA-4345-BE00-0B2D01EF1709}.Release|Any CPU.ActiveCfg = Release|Any CPU
		{702D7EDD-47BA-4345-BE00-0B2D01EF1709}.Release|Any CPU.Build.0 = Release|Any CPU
		{CADB4E6C-6175-4B37-8183-C2C66C88630D}.Debug|Any CPU.ActiveCfg = Debug|Any CPU
		{CADB4E6C-6175-4B37-8183-C2C66C88630D}.Debug|Any CPU.Build.0 = Debug|Any CPU
		{CADB4E6C-6175-4B37-8183-C2C66C88630D}.Release|Any CPU.ActiveCfg = Release|Any CPU
		{CADB4E6C-6175-4B37-8183-C2C66C88630D}.Release|Any CPU.Build.0 = Release|Any CPU
		{43632476-D8BF-4DFC-8EA3-78AD4A2F2365}.Debug|Any CPU.ActiveCfg = Debug|Any CPU
		{43632476-D8BF-4DFC-8EA3-78AD4A2F2365}.Debug|Any CPU.Build.0 = Debug|Any CPU
		{43632476-D8BF-4DFC-8EA3-78AD4A2F2365}.Release|Any CPU.ActiveCfg = Release|Any CPU
		{43632476-D8BF-4DFC-8EA3-78AD4A2F2365}.Release|Any CPU.Build.0 = Release|Any CPU
		{64C65073-285A-4860-99D4-07F1F001D850}.Debug|Any CPU.ActiveCfg = Debug|Any CPU
		{64C65073-285A-4860-99D4-07F1F001D850}.Debug|Any CPU.Build.0 = Debug|Any CPU
		{64C65073-285A-4860-99D4-07F1F001D850}.Release|Any CPU.ActiveCfg = Release|Any CPU
		{64C65073-285A-4860-99D4-07F1F001D850}.Release|Any CPU.Build.0 = Release|Any CPU
		{DA5E9333-E065-40F6-8282-297434FE30A1}.Debug|Any CPU.ActiveCfg = Debug|Any CPU
		{DA5E9333-E065-40F6-8282-297434FE30A1}.Debug|Any CPU.Build.0 = Debug|Any CPU
		{DA5E9333-E065-40F6-8282-297434FE30A1}.Release|Any CPU.ActiveCfg = Release|Any CPU
		{DA5E9333-E065-40F6-8282-297434FE30A1}.Release|Any CPU.Build.0 = Release|Any CPU
	EndGlobalSection
	GlobalSection(SolutionProperties) = preSolution
		HideSolutionNode = FALSE
	EndGlobalSection
	GlobalSection(NestedProjects) = preSolution
		{39A53C5D-25DC-421D-8962-70EDCF412BDD} = {EEA76988-FEB8-40BF-854B-500D3255DFBC}
		{A3D490AE-56E6-4230-9FB8-E26317EFA0A9} = {877BD218-41FB-4987-8D8A-BB2FD93EC6E9}
		{15899DFD-A799-4397-BF25-A070179918EE} = {877BD218-41FB-4987-8D8A-BB2FD93EC6E9}
		{23291A6B-5AE8-4BF5-9DFB-B7B8B6C5E132} = {877BD218-41FB-4987-8D8A-BB2FD93EC6E9}
		{CD17E9F1-630D-4783-9D81-50A2CA1F64C1} = {877BD218-41FB-4987-8D8A-BB2FD93EC6E9}
		{B3E15CBE-8C14-4010-B960-E9ED81E58F2F} = {877BD218-41FB-4987-8D8A-BB2FD93EC6E9}
		{68BDCAFB-0782-4B34-B08B-583AD7692798} = {877BD218-41FB-4987-8D8A-BB2FD93EC6E9}
		{BDA5C03A-6CE8-436B-ABA3-971A0454E0BC} = {EEA76988-FEB8-40BF-854B-500D3255DFBC}
		{7452BCD8-1B63-4F70-9EFB-9258453C62C6} = {877BD218-41FB-4987-8D8A-BB2FD93EC6E9}
		{6674CE70-0244-475D-9990-0B46BCA582C7} = {877BD218-41FB-4987-8D8A-BB2FD93EC6E9}
		{EB947F8C-C085-46C7-A43F-FAA93FEF6036} = {955E6DF8-7178-4D1B-A8F8-B9F54C0DB2A3}
		{AF4C655E-06F0-4B33-9CC4-E0B486CAA401} = {877BD218-41FB-4987-8D8A-BB2FD93EC6E9}
		{7FEC0010-0AA3-4D43-959E-7CDB6BA0DF4B} = {877BD218-41FB-4987-8D8A-BB2FD93EC6E9}
		{702D7EDD-47BA-4345-BE00-0B2D01EF1709} = {877BD218-41FB-4987-8D8A-BB2FD93EC6E9}
		{CADB4E6C-6175-4B37-8183-C2C66C88630D} = {955E6DF8-7178-4D1B-A8F8-B9F54C0DB2A3}
		{43632476-D8BF-4DFC-8EA3-78AD4A2F2365} = {955E6DF8-7178-4D1B-A8F8-B9F54C0DB2A3}
		{64C65073-285A-4860-99D4-07F1F001D850} = {877BD218-41FB-4987-8D8A-BB2FD93EC6E9}
		{DA5E9333-E065-40F6-8282-297434FE30A1} = {8F120FC6-0C63-4ADD-A310-BF90F3406B2B}
	EndGlobalSection
EndGlobal
